{
  "name": "test15",
  "version": "1.0.0",
  "lockfileVersion": 1,
  "requires": true,
  "dependencies": {
    "cannon-es": {
      "version": "0.15.1",
      "resolved": "https://registry.npmjs.org/cannon-es/-/cannon-es-0.15.1.tgz",
      "integrity": "sha512-NkrU8OkM5K4q7Ljj69nfwC5UmPuoiAga6v98Aus0QHTdgJFwBfPTDXRkc3qpGGOixdUisFzmJo0DpKWIi6N+4g=="
    },
    "three": {
      "version": "0.120.1",
      "resolved": "https://registry.npmjs.org/three/-/three-0.120.1.tgz",
      "integrity": "sha512-ktaCRFUR7JUZcKec+cBRz+oBex5pOVaJhrtxvFF2T7on53o9UkEux+/Nh1g/4zeb4t/pbxIFcADbn/ACu3LC1g=="
    },
    "three-to-cannon": {
      "version": "3.0.2",
      "resolved": "https://registry.npmjs.org/three-to-cannon/-/three-to-cannon-3.0.2.tgz",
      "integrity": "sha512-aOjkV/9+eX3E9Kztmb8tdDLJkY2omLKwDVoUeEhjWwU+axaHrY18dVxT/yKHoP7nrbqEtJE+7qe0z7VT0Iuccw=="
    }
  }
}
