# THIS IS AN AUTOGENERATED FILE. DO NOT EDIT THIS FILE DIRECTLY.
# yarn lockfile v1


cannon-es@^0.15.1:
  version "0.15.1"
  resolved "https://registry.yarnpkg.com/cannon-es/-/cannon-es-0.15.1.tgz#c5185e7efc19ca8b3b494eccd257256425b1642f"
  integrity sha512-NkrU8OkM5K4q7Ljj69nfwC5UmPuoiAga6v98Aus0QHTdgJFwBfPTDXRkc3qpGGOixdUisFzmJo0DpKWIi6N+4g==

three-to-cannon@^3.0.2:
  version "3.0.2"
  resolved "https://registry.yarnpkg.com/three-to-cannon/-/three-to-cannon-3.0.2.tgz#4c2a7c2c20ac5f588e4f667954ed30f412949745"
  integrity sha512-aOjkV/9+eX3E9Kztmb8tdDLJkY2omLKwDVoUeEhjWwU+axaHrY18dVxT/yKHoP7nrbqEtJE+7qe0z7VT0Iuccw==

three@^0.120.1:
  version "0.120.1"
  resolved "https://registry.yarnpkg.com/three/-/three-0.120.1.tgz#dbd8894f8ab87c109f1602933e7c740c98137377"
  integrity sha512-ktaCRFUR7JUZcKec+cBRz+oBex5pOVaJhrtxvFF2T7on53o9UkEux+/Nh1g/4zeb4t/pbxIFcADbn/ACu3LC1g==
